// !$*UTF8*$!
{
	archiveVersion = 1;
	classes = {
	};
	objectVersion = 50;
	objects = {

/* Begin PBXBuildFile section */
		0630793F2671EA9200F12CE5 /* TaskHelper.swift in Sources */ = {isa = PBXBuildFile; fileRef = 0630793E2671EA9200F12CE5 /* TaskHelper.swift */; };
		06D78FAE2670EA7C00C5AE2F /* AppDelegate.swift in Sources */ = {isa = PBXBuildFile; fileRef = 06D78FAD2670EA7C00C5AE2F /* AppDelegate.swift */; };
		06D78FB02670EA7C00C5AE2F /* SceneDelegate.swift in Sources */ = {isa = PBXBuildFile; fileRef = 06D78FAF2670EA7C00C5AE2F /* SceneDelegate.swift */; };
		06D78FB52670EA7C00C5AE2F /* Main.storyboard in Resources */ = {isa = PBXBuildFile; fileRef = 06D78FB32670EA7C00C5AE2F /* Main.storyboard */; };
		06D78FB82670EA7C00C5AE2F /* Todo.xcdatamodeld in Sources */ = {isa = PBXBuildFile; fileRef = 06D78FB62670EA7C00C5AE2F /* Todo.xcdatamodeld */; };
		06D78FBA2670EA7D00C5AE2F /* Assets.xcassets in Resources */ = {isa = PBXBuildFile; fileRef = 06D78FB92670EA7D00C5AE2F /* Assets.xcassets */; };
		06D78FBD2670EA7D00C5AE2F /* LaunchScreen.storyboard in Resources */ = {isa = PBXBuildFile; fileRef = 06D78FBB2670EA7D00C5AE2F /* LaunchScreen.storyboard */; };
		06D78FC52670EABD00C5AE2F /* MainController.swift in Sources */ = {isa = PBXBuildFile; fileRef = 06D78FC42670EABD00C5AE2F /* MainController.swift */; };
		06D78FC92670ED4100C5AE2F /* Task+CoreDataClass.swift in Sources */ = {isa = PBXBuildFile; fileRef = 06D78FC72670ED4100C5AE2F /* Task+CoreDataClass.swift */; };
		06D78FCA2670ED4100C5AE2F /* Task+CoreDataProperties.swift in Sources */ = {isa = PBXBuildFile; fileRef = 06D78FC82670ED4100C5AE2F /* Task+CoreDataProperties.swift */; };
		06D78FD3267118D500C5AE2F /* Header.xib in Resources */ = {isa = PBXBuildFile; fileRef = 06D78FD2267118D500C5AE2F /* Header.xib */; };
		06D78FD62671193900C5AE2F /* Header.swift in Sources */ = {isa = PBXBuildFile; fileRef = 06D78FD52671193900C5AE2F /* Header.swift */; };
		06D78FDA26712EE100C5AE2F /* TaskCell.swift in Sources */ = {isa = PBXBuildFile; fileRef = 06D78FD826712EE100C5AE2F /* TaskCell.swift */; };
		06D78FDB26712EE100C5AE2F /* TaskCell.xib in Resources */ = {isa = PBXBuildFile; fileRef = 06D78FD926712EE100C5AE2F /* TaskCell.xib */; };
/* End PBXBuildFile section */

/* Begin PBXFileReference section */
		0630793E2671EA9200F12CE5 /* TaskHelper.swift */ = {isa = PBXFileReference; lastKnownFileType = sourcecode.swift; path = TaskHelper.swift; sourceTree = "<group>"; };
		06D78FAA2670EA7C00C5AE2F /* Todo.app */ = {isa = PBXFileReference; explicitFileType = wrapper.application; includeInIndex = 0; path = Todo.app; sourceTree = BUILT_PRODUCTS_DIR; };
		06D78FAD2670EA7C00C5AE2F /* AppDelegate.swift */ = {isa = PBXFileReference; lastKnownFileType = sourcecode.swift; path = AppDelegate.swift; sourceTree = "<group>"; };
		06D78FAF2670EA7C00C5AE2F /* SceneDelegate.swift */ = {isa = PBXFileReference; lastKnownFileType = sourcecode.swift; path = SceneDelegate.swift; sourceTree = "<group>"; };
		06D78FB42670EA7C00C5AE2F /* Base */ = {isa = PBXFileReference; lastKnownFileType = file.storyboard; name = Base; path = Base.lproj/Main.storyboard; sourceTree = "<group>"; };
		06D78FB72670EA7C00C5AE2F /* Todo.xcdatamodel */ = {isa = PBXFileReference; lastKnownFileType = wrapper.xcdatamodel; path = Todo.xcdatamodel; sourceTree = "<group>"; };
		06D78FB92670EA7D00C5AE2F /* Assets.xcassets */ = {isa = PBXFileReference; lastKnownFileType = folder.assetcatalog; path = Assets.xcassets; sourceTree = "<group>"; };
		06D78FBC2670EA7D00C5AE2F /* Base */ = {isa = PBXFileReference; lastKnownFileType = file.storyboard; name = Base; path = Base.lproj/LaunchScreen.storyboard; sourceTree = "<group>"; };
		06D78FBE2670EA7D00C5AE2F /* Info.plist */ = {isa = PBXFileReference; lastKnownFileType = text.plist.xml; path = Info.plist; sourceTree = "<group>"; };
		06D78FC42670EABD00C5AE2F /* MainController.swift */ = {isa = PBXFileReference; lastKnownFileType = sourcecode.swift; path = MainController.swift; sourceTree = "<group>"; };
		06D78FC72670ED4100C5AE2F /* Task+CoreDataClass.swift */ = {isa = PBXFileReference; lastKnownFileType = sourcecode.swift; path = "Task+CoreDataClass.swift"; sourceTree = "<group>"; };
		06D78FC82670ED4100C5AE2F /* Task+CoreDataProperties.swift */ = {isa = PBXFileReference; lastKnownFileType = sourcecode.swift; path = "Task+CoreDataProperties.swift"; sourceTree = "<group>"; };
		06D78FD2267118D500C5AE2F /* Header.xib */ = {isa = PBXFileReference; lastKnownFileType = file.xib; path = Header.xib; sourceTree = "<group>"; };
		06D78FD52671193900C5AE2F /* Header.swift */ = {isa = PBXFileReference; lastKnownFileType = sourcecode.swift; path = Header.swift; sourceTree = "<group>"; };
		06D78FD826712EE100C5AE2F /* TaskCell.swift */ = {isa = PBXFileReference; lastKnownFileType = sourcecode.swift; path = TaskCell.swift; sourceTree = "<group>"; };
		06D78FD926712EE100C5AE2F /* TaskCell.xib */ = {isa = PBXFileReference; lastKnownFileType = file.xib; path = TaskCell.xib; sourceTree = "<group>"; };
/* End PBXFileReference section */

/* Begin PBXFrameworksBuildPhase section */
		06D78FA72670EA7C00C5AE2F /* Frameworks */ = {
			isa = PBXFrameworksBuildPhase;
			buildActionMask = 2147483647;
			files = (
			);
			runOnlyForDeploymentPostprocessing = 0;
		};
/* End PBXFrameworksBuildPhase section */

/* Begin PBXGroup section */
		06D78FA12670EA7C00C5AE2F = {
			isa = PBXGroup;
			children = (
				06D78FAC2670EA7C00C5AE2F /* Todo */,
				06D78FAB2670EA7C00C5AE2F /* Products */,
			);
			sourceTree = "<group>";
		};
		06D78FAB2670EA7C00C5AE2F /* Products */ = {
			isa = PBXGroup;
			children = (
				06D78FAA2670EA7C00C5AE2F /* Todo.app */,
			);
			name = Products;
			sourceTree = "<group>";
		};
		06D78FAC2670EA7C00C5AE2F /* Todo */ = {
			isa = PBXGroup;
			children = (
				06D78FD726712EBC00C5AE2F /* TaskCell */,
				06D78FD42671191600C5AE2F /* Headers */,
				06D78FC62670ED2800C5AE2F /* Modals */,
				06D78FAD2670EA7C00C5AE2F /* AppDelegate.swift */,
				06D78FAF2670EA7C00C5AE2F /* SceneDelegate.swift */,
				06D78FB32670EA7C00C5AE2F /* Main.storyboard */,
				06D78FC42670EABD00C5AE2F /* MainController.swift */,
				06D78FB92670EA7D00C5AE2F /* Assets.xcassets */,
				06D78FBB2670EA7D00C5AE2F /* LaunchScreen.storyboard */,
				06D78FBE2670EA7D00C5AE2F /* Info.plist */,
				06D78FB62670EA7C00C5AE2F /* Todo.xcdatamodeld */,
			);
			path = Todo;
			sourceTree = "<group>";
		};
		06D78FC62670ED2800C5AE2F /* Modals */ = {
			isa = PBXGroup;
			children = (
				06D78FC72670ED4100C5AE2F /* Task+CoreDataClass.swift */,
				06D78FC82670ED4100C5AE2F /* Task+CoreDataProperties.swift */,
				0630793E2671EA9200F12CE5 /* TaskHelper.swift */,
			);
			path = Modals;
			sourceTree = "<group>";
		};
		06D78FD42671191600C5AE2F /* Headers */ = {
			isa = PBXGroup;
			children = (
				06D78FD2267118D500C5AE2F /* Header.xib */,
				06D78FD52671193900C5AE2F /* Header.swift */,
			);
			path = Headers;
			sourceTree = "<group>";
		};
		06D78FD726712EBC00C5AE2F /* TaskCell */ = {
			isa = PBXGroup;
			children = (
				06D78FD826712EE100C5AE2F /* TaskCell.swift */,
				06D78FD926712EE100C5AE2F /* TaskCell.xib */,
			);
			path = TaskCell;
			sourceTree = "<group>";
		};
/* End PBXGroup section */

/* Begin PBXNativeTarget section */
		06D78FA92670EA7C00C5AE2F /* Todo */ = {
			isa = PBXNativeTarget;
			buildConfigurationList = 06D78FC12670EA7D00C5AE2F /* Build configuration list for PBXNativeTarget "Todo" */;
			buildPhases = (
				06D78FA62670EA7C00C5AE2F /* Sources */,
				06D78FA72670EA7C00C5AE2F /* Frameworks */,
				06D78FA82670EA7C00C5AE2F /* Resources */,
			);
			buildRules = (
			);
			dependencies = (
			);
			name = Todo;
			productName = Todo;
			productReference = 06D78FAA2670EA7C00C5AE2F /* Todo.app */;
			productType = "com.apple.product-type.application";
		};
/* End PBXNativeTarget section */

/* Begin PBXProject section */
		06D78FA22670EA7C00C5AE2F /* Project object */ = {
			isa = PBXProject;
			attributes = {
				LastSwiftUpdateCheck = 1250;
				LastUpgradeCheck = 1250;
				TargetAttributes = {
					06D78FA92670EA7C00C5AE2F = {
						CreatedOnToolsVersion = 12.5;
					};
				};
			};
			buildConfigurationList = 06D78FA52670EA7C00C5AE2F /* Build configuration list for PBXProject "Todo" */;
			compatibilityVersion = "Xcode 9.3";
			developmentRegion = en;
			hasScannedForEncodings = 0;
			knownRegions = (
				en,
				Base,
			);
			mainGroup = 06D78FA12670EA7C00C5AE2F;
			productRefGroup = 06D78FAB2670EA7C00C5AE2F /* Products */;
			projectDirPath = "";
			projectRoot = "";
			targets = (
				06D78FA92670EA7C00C5AE2F /* Todo */,
			);
		};
/* End PBXProject section */

/* Begin PBXResourcesBuildPhase section */
		06D78FA82670EA7C00C5AE2F /* Resources */ = {
			isa = PBXResourcesBuildPhase;
			buildActionMask = 2147483647;
			files = (
				06D78FD3267118D500C5AE2F /* Header.xib in Resources */,
				06D78FDB26712EE100C5AE2F /* TaskCell.xib in Resources */,
				06D78FBD2670EA7D00C5AE2F /* LaunchScreen.storyboard in Resources */,
				06D78FBA2670EA7D00C5AE2F /* Assets.xcassets in Resources */,
				06D78FB52670EA7C00C5AE2F /* Main.storyboard in Resources */,
			);
			runOnlyForDeploymentPostprocessing = 0;
		};
/* End PBXResourcesBuildPhase section */

/* Begin PBXSourcesBuildPhase section */
		06D78FA62670EA7C00C5AE2F /* Sources */ = {
			isa = PBXSourcesBuildPhase;
			buildActionMask = 2147483647;
			files = (
				06D78FD62671193900C5AE2F /* Header.swift in Sources */,
				06D78FC52670EABD00C5AE2F /* MainController.swift in Sources */,
				06D78FC92670ED4100C5AE2F /* Task+CoreDataClass.swift in Sources */,
				06D78FAE2670EA7C00C5AE2F /* AppDelegate.swift in Sources */,
				06D78FB02670EA7C00C5AE2F /* SceneDelegate.swift in Sources */,
				06D78FCA2670ED4100C5AE2F /* Task+CoreDataProperties.swift in Sources */,
				06D78FDA26712EE100C5AE2F /* TaskCell.swift in Sources */,
				0630793F2671EA9200F12CE5 /* TaskHelper.swift in Sources */,
				06D78FB82670EA7C00C5AE2F /* Todo.xcdatamodeld in Sources */,
			);
			runOnlyForDeploymentPostprocessing = 0;
		};
/* End PBXSourcesBuildPhase section */

/* Begin PBXVariantGroup section */
		06D78FB32670EA7C00C5AE2F /* Main.storyboard */ = {
			isa = PBXVariantGroup;
			children = (
				06D78FB42670EA7C00C5AE2F /* Base */,
			);
			name = Main.storyboard;
			sourceTree = "<group>";
		};
		06D78FBB2670EA7D00C5AE2F /* LaunchScreen.storyboard */ = {
			isa = PBXVariantGroup;
			children = (
				06D78FBC2670EA7D00C5AE2F /* Base */,
			);
			name = LaunchScreen.storyboard;
			sourceTree = "<group>";
		};
/* End PBXVariantGroup section */

/* Begin XCBuildConfiguration section */
		06D78FBF2670EA7D00C5AE2F /* Debug */ = {
			isa = XCBuildConfiguration;
			buildSettings = {
				ALWAYS_SEARCH_USER_PATHS = NO;
				CLANG_ANALYZER_NONNULL = YES;
				CLANG_ANALYZER_NUMBER_OBJECT_CONVERSION = YES_AGGRESSIVE;
				CLANG_CXX_LANGUAGE_STANDARD = "gnu++14";
				CLANG_CXX_LIBRARY = "libc++";
				CLANG_ENABLE_MODULES = YES;
				CLANG_ENABLE_OBJC_ARC = YES;
				CLANG_ENABLE_OBJC_WEAK = YES;
				CLANG_WARN_BLOCK_CAPTURE_AUTORELEASING = YES;
				CLANG_WARN_BOOL_CONVERSION = YES;
				CLANG_WARN_COMMA = YES;
				CLANG_WARN_CONSTANT_CONVERSION = YES;
				CLANG_WARN_DEPRECATED_OBJC_IMPLEMENTATIONS = YES;
				CLANG_WARN_DIRECT_OBJC_ISA_USAGE = YES_ERROR;
				CLANG_WARN_DOCUMENTATION_COMMENTS = YES;
				CLANG_WARN_EMPTY_BODY = YES;
				CLANG_WARN_ENUM_CONVERSION = YES;
				CLANG_WARN_INFINITE_RECURSION = YES;
				CLANG_WARN_INT_CONVERSION = YES;
				CLANG_WARN_NON_LITERAL_NULL_CONVERSION = YES;
				CLANG_WARN_OBJC_IMPLICIT_RETAIN_SELF = YES;
				CLANG_WARN_OBJC_LITERAL_CONVERSION = YES;
				CLANG_WARN_OBJC_ROOT_CLASS = YES_ERROR;
				CLANG_WARN_QUOTED_INCLUDE_IN_FRAMEWORK_HEADER = YES;
				CLANG_WARN_RANGE_LOOP_ANALYSIS = YES;
				CLANG_WARN_STRICT_PROTOTYPES = YES;
				CLANG_WARN_SUSPICIOUS_MOVE = YES;
				CLANG_WARN_UNGUARDED_AVAILABILITY = YES_AGGRESSIVE;
				CLANG_WARN_UNREACHABLE_CODE = YES;
				CLANG_WARN__DUPLICATE_METHOD_MATCH = YES;
				COPY_PHASE_STRIP = NO;
				DEBUG_INFORMATION_FORMAT = dwarf;
				ENABLE_STRICT_OBJC_MSGSEND = YES;
				ENABLE_TESTABILITY = YES;
				GCC_C_LANGUAGE_STANDARD = gnu11;
				GCC_DYNAMIC_NO_PIC = NO;
				GCC_NO_COMMON_BLOCKS = YES;
				GCC_OPTIMIZATION_LEVEL = 0;
				GCC_PREPROCESSOR_DEFINITIONS = (
					"DEBUG=1",
					"$(inherited)",
				);
				GCC_WARN_64_TO_32_BIT_CONVERSION = YES;
				GCC_WARN_ABOUT_RETURN_TYPE = YES_ERROR;
				GCC_WARN_UNDECLARED_SELECTOR = YES;
				GCC_WARN_UNINITIALIZED_AUTOS = YES_AGGRESSIVE;
				GCC_WARN_UNUSED_FUNCTION = YES;
				GCC_WARN_UNUSED_VARIABLE = YES;
				IPHONEOS_DEPLOYMENT_TARGET = 14.5;
				MTL_ENABLE_DEBUG_INFO = INCLUDE_SOURCE;
				MTL_FAST_MATH = YES;
				ONLY_ACTIVE_ARCH = YES;
				SDKROOT = iphoneos;
				SWIFT_ACTIVE_COMPILATION_CONDITIONS = DEBUG;
				SWIFT_OPTIMIZATION_LEVEL = "-Onone";
			};
			name = Debug;
		};
		06D78FC02670EA7D00C5AE2F /* Release */ = {
			isa = XCBuildConfiguration;
			buildSettings = {
				ALWAYS_SEARCH_USER_PATHS = NO;
				CLANG_ANALYZER_NONNULL = YES;
				CLANG_ANALYZER_NUMBER_OBJECT_CONVERSION = YES_AGGRESSIVE;
				CLANG_CXX_LANGUAGE_STANDARD = "gnu++14";
				CLANG_CXX_LIBRARY = "libc++";
				CLANG_ENABLE_MODULES = YES;
				CLANG_ENABLE_OBJC_ARC = YES;
				CLANG_ENABLE_OBJC_WEAK = YES;
				CLANG_WARN_BLOCK_CAPTURE_AUTORELEASING = YES;
				CLANG_WARN_BOOL_CONVERSION = YES;
				CLANG_WARN_COMMA = YES;
				CLANG_WARN_CONSTANT_CONVERSION = YES;
				CLANG_WARN_DEPRECATED_OBJC_IMPLEMENTATIONS = YES;
				CLANG_WARN_DIRECT_OBJC_ISA_USAGE = YES_ERROR;
				CLANG_WARN_DOCUMENTATION_COMMENTS = YES;
				CLANG_WARN_EMPTY_BODY = YES;
				CLANG_WARN_ENUM_CONVERSION = YES;
				CLANG_WARN_INFINITE_RECURSION = YES;
				CLANG_WARN_INT_CONVERSION = YES;
				CLANG_WARN_NON_LITERAL_NULL_CONVERSION = YES;
				CLANG_WARN_OBJC_IMPLICIT_RETAIN_SELF = YES;
				CLANG_WARN_OBJC_LITERAL_CONVERSION = YES;
				CLANG_WARN_OBJC_ROOT_CLASS = YES_ERROR;
				CLANG_WARN_QUOTED_INCLUDE_IN_FRAMEWORK_HEADER = YES;
				CLANG_WARN_RANGE_LOOP_ANALYSIS = YES;
				CLANG_WARN_STRICT_PROTOTYPES = YES;
				CLANG_WARN_SUSPICIOUS_MOVE = YES;
				CLANG_WARN_UNGUARDED_AVAILABILITY = YES_AGGRESSIVE;
				CLANG_WARN_UNREACHABLE_CODE = YES;
				CLANG_WARN__DUPLICATE_METHOD_MATCH = YES;
				COPY_PHASE_STRIP = NO;
				DEBUG_INFORMATION_FORMAT = "dwarf-with-dsym";
				ENABLE_NS_ASSERTIONS = NO;
				ENABLE_STRICT_OBJC_MSGSEND = YES;
				GCC_C_LANGUAGE_STANDARD = gnu11;
				GCC_NO_COMMON_BLOCKS = YES;
				GCC_WARN_64_TO_32_BIT_CONVERSION = YES;
				GCC_WARN_ABOUT_RETURN_TYPE = YES_ERROR;
				GCC_WARN_UNDECLARED_SELECTOR = YES;
				GCC_WARN_UNINITIALIZED_AUTOS = YES_AGGRESSIVE;
				GCC_WARN_UNUSED_FUNCTION = YES;
				GCC_WARN_UNUSED_VARIABLE = YES;
				IPHONEOS_DEPLOYMENT_TARGET = 14.5;
				MTL_ENABLE_DEBUG_INFO = NO;
				MTL_FAST_MATH = YES;
				SDKROOT = iphoneos;
				SWIFT_COMPILATION_MODE = wholemodule;
				SWIFT_OPTIMIZATION_LEVEL = "-O";
				VALIDATE_PRODUCT = YES;
			};
			name = Release;
		};
		06D78FC22670EA7D00C5AE2F /* Debug */ = {
			isa = XCBuildConfiguration;
			buildSettings = {
				ASSETCATALOG_COMPILER_APPICON_NAME = AppIcon;
				ASSETCATALOG_COMPILER_GLOBAL_ACCENT_COLOR_NAME = AccentColor;
				CODE_SIGN_STYLE = Automatic;
				DEVELOPMENT_TEAM = 47FV2ATYKX;
				INFOPLIST_FILE = Todo/Info.plist;
				LD_RUNPATH_SEARCH_PATHS = (
					"$(inherited)",
					"@executable_path/Frameworks",
				);
				PRODUCT_BUNDLE_IDENTIFIER = zoho.Todo;
				PRODUCT_NAME = "$(TARGET_NAME)";
				SWIFT_VERSION = 5.0;
				TARGETED_DEVICE_FAMILY = "1,2";
			};
			name = Debug;
		};
		06D78FC32670EA7D00C5AE2F /* Release */ = {
			isa = XCBuildConfiguration;
			buildSettings = {
				ASSETCATALOG_COMPILER_APPICON_NAME = AppIcon;
				ASSETCATALOG_COMPILER_GLOBAL_ACCENT_COLOR_NAME = AccentColor;
				CODE_SIGN_STYLE = Automatic;
				DEVELOPMENT_TEAM = 47FV2ATYKX;
				INFOPLIST_FILE = Todo/Info.plist;
				LD_RUNPATH_SEARCH_PATHS = (
					"$(inherited)",
					"@executable_path/Frameworks",
				);
				PRODUCT_BUNDLE_IDENTIFIER = zoho.Todo;
				PRODUCT_NAME = "$(TARGET_NAME)";
				SWIFT_VERSION = 5.0;
				TARGETED_DEVICE_FAMILY = "1,2";
			};
			name = Release;
		};
/* End XCBuildConfiguration section */

/* Begin XCConfigurationList section */
		06D78FA52670EA7C00C5AE2F /* Build configuration list for PBXProject "Todo" */ = {
			isa = XCConfigurationList;
			buildConfigurations = (
				06D78FBF2670EA7D00C5AE2F /* Debug */,
				06D78FC02670EA7D00C5AE2F /* Release */,
			);
			defaultConfigurationIsVisible = 0;
			defaultConfigurationName = Release;
		};
		06D78FC12670EA7D00C5AE2F /* Build configuration list for PBXNativeTarget "Todo" */ = {
			isa = XCConfigurationList;
			buildConfigurations = (
				06D78FC22670EA7D00C5AE2F /* Debug */,
				06D78FC32670EA7D00C5AE2F /* Release */,
			);
			defaultConfigurationIsVisible = 0;
			defaultConfigurationName = Release;
		};
/* End XCConfigurationList section */

/* Begin XCVersionGroup section */
		06D78FB62670EA7C00C5AE2F /* Todo.xcdatamodeld */ = {
			isa = XCVersionGroup;
			children = (
				06D78FB72670EA7C00C5AE2F /* Todo.xcdatamodel */,
			);
			currentVersion = 06D78FB72670EA7C00C5AE2F /* Todo.xcdatamodel */;
			path = Todo.xcdatamodeld;
			sourceTree = "<group>";
			versionGroupType = wrapper.xcdatamodel;
		};
/* End XCVersionGroup section */
	};
	rootObject = 06D78FA22670EA7C00C5AE2F /* Project object */;
}
